
Microsoft Visual Studio Solution File, Format Version 12.00
# Visual Studio 15
Project("{FAE04EC0-301F-11D3-BF4B-00C04F79EFBC}") = "Assembly-CSharp", "Assembly-CSharp.csproj", "{05A53AF0-D351-C13E-8057-D830A87E6DDA}"
EndProject
Project("{FAE04EC0-301F-11D3-BF4B-00C04F79EFBC}") = "Assembly-CSharp-firstpass", "Assembly-CSharp-firstpass.csproj", "{2508601A-B65E-3684-425C-B615A1346A52}"
EndProject
Project("{FAE04EC0-301F-11D3-BF4B-00C04F79EFBC}") = "Assembly-CSharp-Editor-firstpass", "Assembly-CSharp-Editor-firstpass.csproj", "{70699F52-4E39-70F7-EF1B-2E79A61681DC}"
EndProject
Project("{FAE04EC0-301F-11D3-BF4B-00C04F79EFBC}") = "Assembly-CSharp-Editor", "Assembly-CSharp-Editor.csproj", "{86EF4A5D-9FD3-D302-A446-6933986D9368}"
EndProject
Global
	GlobalSection(SolutionConfigurationPlatforms) = preSolution
		Debug|Any CPU = Debug|Any CPU
		Release|Any CPU = Release|Any CPU
	EndGlobalSection
	GlobalSection(ProjectConfigurationPlatforms) = postSolution
		{05A53AF0-D351-C13E-8057-D830A87E6DDA}.Debug|Any CPU.ActiveCfg = Debug|Any CPU
		{05A53AF0-D351-C13E-8057-D830A87E6DDA}.Debug|Any CPU.Build.0 = Debug|Any CPU
		{05A53AF0-D351-C13E-8057-D830A87E6DDA}.Release|Any CPU.ActiveCfg = Release|Any CPU
		{05A53AF0-D351-C13E-8057-D830A87E6DDA}.Release|Any CPU.Build.0 = Release|Any CPU
		{2508601A-B65E-3684-425C-B615A1346A52}.Debug|Any CPU.ActiveCfg = Debug|Any CPU
		{2508601A-B65E-3684-425C-B615A1346A52}.Debug|Any CPU.Build.0 = Debug|Any CPU
		{2508601A-B65E-3684-425C-B615A1346A52}.Release|Any CPU.ActiveCfg = Release|Any CPU
		{2508601A-B65E-3684-425C-B615A1346A52}.Release|Any CPU.Build.0 = Release|Any CPU
		{70699F52-4E39-70F7-EF1B-2E79A61681DC}.Debug|Any CPU.ActiveCfg = Debug|Any CPU
		{70699F52-4E39-70F7-EF1B-2E79A61681DC}.Debug|Any CPU.Build.0 = Debug|Any CPU
		{70699F52-4E39-70F7-EF1B-2E79A61681DC}.Release|Any CPU.ActiveCfg = Release|Any CPU
		{70699F52-4E39-70F7-EF1B-2E79A61681DC}.Release|Any CPU.Build.0 = Release|Any CPU
		{86EF4A5D-9FD3-D302-A446-6933986D9368}.Debug|Any CPU.ActiveCfg = Debug|Any CPU
		{86EF4A5D-9FD3-D302-A446-6933986D9368}.Debug|Any CPU.Build.0 = Debug|Any CPU
		{86EF4A5D-9FD3-D302-A446-6933986D9368}.Release|Any CPU.ActiveCfg = Release|Any CPU
		{86EF4A5D-9FD3-D302-A446-6933986D9368}.Release|Any CPU.Build.0 = Release|Any CPU
	EndGlobalSection
	GlobalSection(SolutionProperties) = preSolution
		HideSolutionNode = FALSE
	EndGlobalSection
EndGlobal
